
Microsoft Visual Studio Solution File, Format Version 12.00
# Visual Studio Version 17
VisualStudioVersion = 17.10.35122.118
MinimumVisualStudioVersion = 10.0.40219.1
Project("{9A19103F-16F7-4668-BE54-9A1E7A4F7556}") = "project_cuoiky", "project_cuoiky.csproj", "{AD909BA4-54C2-43B1-AC1A-E0F89EC00374}"
EndProject
Global
	GlobalSection(SolutionConfigurationPlatforms) = preSolution
		Debug|Any CPU = Debug|Any CPU
		Release|Any CPU = Release|Any CPU
	EndGlobalSection
	GlobalSection(ProjectConfigurationPlatforms) = postSolution
		{AD909BA4-54C2-43B1-AC1A-E0F89EC00374}.Debug|Any CPU.ActiveCfg = Debug|Any CPU
		{AD909BA4-54C2-43B1-AC1A-E0F89EC00374}.Debug|Any CPU.Build.0 = Debug|Any CPU
		{AD909BA4-54C2-43B1-AC1A-E0F89EC00374}.Release|Any CPU.ActiveCfg = Release|Any CPU
		{AD909BA4-54C2-43B1-AC1A-E0F89EC00374}.Release|Any CPU.Build.0 = Release|Any CPU
	EndGlobalSection
	GlobalSection(SolutionProperties) = preSolution
		HideSolutionNode = FALSE
	EndGlobalSection
	GlobalSection(ExtensibilityGlobals) = postSolution
		SolutionGuid = {FF20DFDF-E4C8-49BA-ACF7-B49A8BB58C64}
	EndGlobalSection
EndGlobal
